
Microsoft Visual Studio Solution File, Format Version 12.00
# Visual Studio Version 16
VisualStudioVersion = 16.0.28917.181
MinimumVisualStudioVersion = 10.0.40219.1
Project("{FAE04EC0-301F-11D3-BF4B-00C04F79EFBC}") = "PCChargeTermialV3.TingRUI", "PCChageTermialV3.TingRUI\PCChargeTermialV3.TingRUI.csproj", "{2BDA1800-82A7-4E30-BB1E-364E5E67994D}"
EndProject
Project("{FAE04EC0-301F-11D3-BF4B-00C04F79EFBC}") = "TingRUI.Data", "Data.OfflineAPI.TingRUI\TingRUI.Data.csproj", "{447EA98B-3FAA-412D-8E30-D31477599800}"
EndProject
Project("{2150E333-8FDC-42A3-9474-1A3956D46DE8}") = "Lib", "Lib", "{3F026776-9E7A-41CA-A128-D24EB80644FC}"
EndProject
Project("{2150E333-8FDC-42A3-9474-1A3956D46DE8}") = "Tcp", "Tcp", "{D4726DDF-83E5-4D7A-8099-A848BB04E841}"
EndProject
Project("{2150E333-8FDC-42A3-9474-1A3956D46DE8}") = "Utils", "Utils", "{A49A1CC3-8FBE-4CA9-883A-7A2AE630EBD7}"
EndProject
Project("{2150E333-8FDC-42A3-9474-1A3956D46DE8}") = "Data", "Data", "{A7DE640B-254A-4742-8F0E-E0E929361CB0}"
EndProject
Project("{9A19103F-16F7-4668-BE54-9A1E7A4F7556}") = "Text-V5.5.0", "Lib\Utils\ServiceStack.Text\Text-V5.5.0.csproj", "{5C735FB3-5458-45CD-B065-BB188877D4F9}"
EndProject
Project("{2150E333-8FDC-42A3-9474-1A3956D46DE8}") = "UI", "UI", "{E86DAA9E-C29E-477E-B0D0-BBCAD36B1F52}"
EndProject
Project("{2150E333-8FDC-42A3-9474-1A3956D46DE8}") = "文档", "文档", "{E71BBFF0-DFF1-483B-B1E5-5ADB69B4904F}"
	ProjectSection(SolutionItems) = preProject
		README.OrmLite-v5.5.0.zh-CN.md = README.OrmLite-v5.5.0.zh-CN.md
		README.Text-v5.5.0.zh-CN.md = README.Text-v5.5.0.zh-CN.md
		Docs\RS485 - 串口通讯.txt = Docs\RS485 - 串口通讯.txt
		Docs\北京某车场收费规则.jpg = Docs\北京某车场收费规则.jpg
		Docs\第一次两段式计费结果.txt = Docs\第一次两段式计费结果.txt
	EndProjectSection
EndProject
Project("{9A19103F-16F7-4668-BE54-9A1E7A4F7556}") = "OrmLite-V5.5.0", "Lib\Orm\ServiceStack.OrmLite-V5.5\OrmLite-V5.5.0.csproj", "{3F3D7F2F-6FF9-4277-8B2B-3AB0E327750F}"
EndProject
Project("{2150E333-8FDC-42A3-9474-1A3956D46DE8}") = "Demos", "Demos", "{F3422D02-86A3-4DDD-996C-4EF20401FBCD}"
EndProject
Project("{2150E333-8FDC-42A3-9474-1A3956D46DE8}") = "计费规则Demo", "计费规则Demo", "{2B8F735C-7FD3-4B91-8904-F4E1BC27A1FA}"
Project("{2150E333-8FDC-42A3-9474-1A3956D46DE8}") = "Docs", "Docs", "{663CA302-3528-42FF-AA5F-B6B7DBB7EA79}"
	ProjectSection(SolutionItems) = preProject
		Docs\RS485 - 串口通讯.txt = Docs\RS485 - 串口通讯.txt
		Docs\【彭工】关于二段式收费和潮汐收费的原理性解释文档.xlsx = Docs\【彭工】关于二段式收费和潮汐收费的原理性解释文档.xlsx
		Docs\北京某车场收费规则.jpg = Docs\北京某车场收费规则.jpg
		Docs\第一次两段式计费结果.txt = Docs\第一次两段式计费结果.txt
	EndProjectSection
EndProject
Global
	GlobalSection(SolutionConfigurationPlatforms) = preSolution
		Debug|Any CPU = Debug|Any CPU
		Debug|x64 = Debug|x64
		Debug|x86 = Debug|x86
		Release|Any CPU = Release|Any CPU
		Release|x64 = Release|x64
		Release|x86 = Release|x86
	EndGlobalSection
	GlobalSection(ProjectConfigurationPlatforms) = postSolution
		{2BDA1800-82A7-4E30-BB1E-364E5E67994D}.Debug|Any CPU.ActiveCfg = Debug|Any CPU
		{2BDA1800-82A7-4E30-BB1E-364E5E67994D}.Debug|Any CPU.Build.0 = Debug|Any CPU
		{2BDA1800-82A7-4E30-BB1E-364E5E67994D}.Debug|x64.ActiveCfg = Debug|Any CPU
		{2BDA1800-82A7-4E30-BB1E-364E5E67994D}.Debug|x64.Build.0 = Debug|Any CPU
		{2BDA1800-82A7-4E30-BB1E-364E5E67994D}.Debug|x86.ActiveCfg = Debug|Any CPU
		{2BDA1800-82A7-4E30-BB1E-364E5E67994D}.Debug|x86.Build.0 = Debug|Any CPU
		{2BDA1800-82A7-4E30-BB1E-364E5E67994D}.Release|Any CPU.ActiveCfg = Release|Any CPU
		{2BDA1800-82A7-4E30-BB1E-364E5E67994D}.Release|Any CPU.Build.0 = Release|Any CPU
		{2BDA1800-82A7-4E30-BB1E-364E5E67994D}.Release|x64.ActiveCfg = Release|Any CPU
		{2BDA1800-82A7-4E30-BB1E-364E5E67994D}.Release|x64.Build.0 = Release|Any CPU
		{2BDA1800-82A7-4E30-BB1E-364E5E67994D}.Release|x86.ActiveCfg = Release|Any CPU
		{2BDA1800-82A7-4E30-BB1E-364E5E67994D}.Release|x86.Build.0 = Release|Any CPU
		{447EA98B-3FAA-412D-8E30-D31477599800}.Debug|Any CPU.ActiveCfg = Debug|Any CPU
		{447EA98B-3FAA-412D-8E30-D31477599800}.Debug|Any CPU.Build.0 = Debug|Any CPU
		{447EA98B-3FAA-412D-8E30-D31477599800}.Debug|x64.ActiveCfg = Debug|Any CPU
		{447EA98B-3FAA-412D-8E30-D31477599800}.Debug|x64.Build.0 = Debug|Any CPU
		{447EA98B-3FAA-412D-8E30-D31477599800}.Debug|x86.ActiveCfg = Debug|Any CPU
		{447EA98B-3FAA-412D-8E30-D31477599800}.Debug|x86.Build.0 = Debug|Any CPU
		{447EA98B-3FAA-412D-8E30-D31477599800}.Release|Any CPU.ActiveCfg = Release|Any CPU
		{447EA98B-3FAA-412D-8E30-D31477599800}.Release|Any CPU.Build.0 = Release|Any CPU
		{447EA98B-3FAA-412D-8E30-D31477599800}.Release|x64.ActiveCfg = Release|Any CPU
		{447EA98B-3FAA-412D-8E30-D31477599800}.Release|x64.Build.0 = Release|Any CPU
		{447EA98B-3FAA-412D-8E30-D31477599800}.Release|x86.ActiveCfg = Release|Any CPU
		{447EA98B-3FAA-412D-8E30-D31477599800}.Release|x86.Build.0 = Release|Any CPU
		{5C735FB3-5458-45CD-B065-BB188877D4F9}.Debug|Any CPU.ActiveCfg = Debug|Any CPU
		{5C735FB3-5458-45CD-B065-BB188877D4F9}.Debug|Any CPU.Build.0 = Debug|Any CPU
		{5C735FB3-5458-45CD-B065-BB188877D4F9}.Debug|x64.ActiveCfg = Debug|Any CPU
		{5C735FB3-5458-45CD-B065-BB188877D4F9}.Debug|x64.Build.0 = Debug|Any CPU
		{5C735FB3-5458-45CD-B065-BB188877D4F9}.Debug|x86.ActiveCfg = Debug|Any CPU
		{5C735FB3-5458-45CD-B065-BB188877D4F9}.Debug|x86.Build.0 = Debug|Any CPU
		{5C735FB3-5458-45CD-B065-BB188877D4F9}.Release|Any CPU.ActiveCfg = Release|Any CPU
		{5C735FB3-5458-45CD-B065-BB188877D4F9}.Release|Any CPU.Build.0 = Release|Any CPU
		{5C735FB3-5458-45CD-B065-BB188877D4F9}.Release|x64.ActiveCfg = Release|Any CPU
		{5C735FB3-5458-45CD-B065-BB188877D4F9}.Release|x64.Build.0 = Release|Any CPU
		{5C735FB3-5458-45CD-B065-BB188877D4F9}.Release|x86.ActiveCfg = Release|Any CPU
		{5C735FB3-5458-45CD-B065-BB188877D4F9}.Release|x86.Build.0 = Release|Any CPU
		{3F3D7F2F-6FF9-4277-8B2B-3AB0E327750F}.Debug|Any CPU.ActiveCfg = Debug|Any CPU
		{3F3D7F2F-6FF9-4277-8B2B-3AB0E327750F}.Debug|Any CPU.Build.0 = Debug|Any CPU
		{3F3D7F2F-6FF9-4277-8B2B-3AB0E327750F}.Debug|x64.ActiveCfg = Debug|Any CPU
		{3F3D7F2F-6FF9-4277-8B2B-3AB0E327750F}.Debug|x64.Build.0 = Debug|Any CPU
		{3F3D7F2F-6FF9-4277-8B2B-3AB0E327750F}.Debug|x86.ActiveCfg = Debug|Any CPU
		{3F3D7F2F-6FF9-4277-8B2B-3AB0E327750F}.Debug|x86.Build.0 = Debug|Any CPU
		{3F3D7F2F-6FF9-4277-8B2B-3AB0E327750F}.Release|Any CPU.ActiveCfg = Release|Any CPU
		{3F3D7F2F-6FF9-4277-8B2B-3AB0E327750F}.Release|Any CPU.Build.0 = Release|Any CPU
		{3F3D7F2F-6FF9-4277-8B2B-3AB0E327750F}.Release|x64.ActiveCfg = Release|Any CPU
		{3F3D7F2F-6FF9-4277-8B2B-3AB0E327750F}.Release|x64.Build.0 = Release|Any CPU
		{3F3D7F2F-6FF9-4277-8B2B-3AB0E327750F}.Release|x86.ActiveCfg = Release|Any CPU
		{3F3D7F2F-6FF9-4277-8B2B-3AB0E327750F}.Release|x86.Build.0 = Release|Any CPU
	EndGlobalSection
	GlobalSection(SolutionProperties) = preSolution
		HideSolutionNode = FALSE
	EndGlobalSection
	GlobalSection(NestedProjects) = preSolution
		{D4726DDF-83E5-4D7A-8099-A848BB04E841} = {3F026776-9E7A-41CA-A128-D24EB80644FC}
		{A49A1CC3-8FBE-4CA9-883A-7A2AE630EBD7} = {3F026776-9E7A-41CA-A128-D24EB80644FC}
		{A7DE640B-254A-4742-8F0E-E0E929361CB0} = {3F026776-9E7A-41CA-A128-D24EB80644FC}
		{5C735FB3-5458-45CD-B065-BB188877D4F9} = {A49A1CC3-8FBE-4CA9-883A-7A2AE630EBD7}
		{E86DAA9E-C29E-477E-B0D0-BBCAD36B1F52} = {3F026776-9E7A-41CA-A128-D24EB80644FC}
		{3F3D7F2F-6FF9-4277-8B2B-3AB0E327750F} = {A7DE640B-254A-4742-8F0E-E0E929361CB0}
		{2B8F735C-7FD3-4B91-8904-F4E1BC27A1FA} = {F3422D02-86A3-4DDD-996C-4EF20401FBCD}
	EndGlobalSection
	GlobalSection(ExtensibilityGlobals) = postSolution
		SolutionGuid = {7B6FDBE9-5258-441A-A555-4D0306997B46}
	EndGlobalSection
EndGlobal
